
Microsoft Visual Studio Solution File, Format Version 12.00
# Visual Studio Version 17
VisualStudioVersion = 17.12.35707.178
MinimumVisualStudioVersion = 10.0.40219.1
Project("{FAE04EC0-301F-11D3-BF4B-00C04F79EFBC}") = "CustomerAPI", "CustomerAPI\CustomerAPI.csproj", "{ACD8C6C5-583B-47DF-9B7D-ADD67085FA53}"
EndProject
Project("{2150E333-8FDC-42A3-9474-1A3956D46DE8}") = "Microservices", "Microservices", "{2E277118-4F26-45E7-8D30-31B6E038F790}"
EndProject
Project("{2150E333-8FDC-42A3-9474-1A3956D46DE8}") = "Application", "Application", "{6A479D96-C3C2-41C3-B8F3-3597110EA798}"
EndProject
Project("{FAE04EC0-301F-11D3-BF4B-00C04F79EFBC}") = "CarRentalApplication", "CarRentalApplication\CarRentalApplication.csproj", "{C3F7569B-2A35-403D-AED0-1509BB7883E6}"
EndProject
Project("{FAE04EC0-301F-11D3-BF4B-00C04F79EFBC}") = "InventoryAPI", "InventoryAPI\InventoryAPI.csproj", "{D1EEB589-83CD-4FAD-A9F0-31D2CC0B8ABF}"
EndProject
Project("{FAE04EC0-301F-11D3-BF4B-00C04F79EFBC}") = "MaintenanceAPI", "MaintenanceAPI\MaintenanceAPI.csproj", "{5F308C4A-648F-4538-A553-6A989F8F6122}"
EndProject
Project("{FAE04EC0-301F-11D3-BF4B-00C04F79EFBC}") = "ApiGateway", "ApiGateway\ApiGateway.csproj", "{92DFA0A7-685C-4EC7-82DE-24DE0B3C3F93}"
EndProject
Project("{FAE04EC0-301F-11D3-BF4B-00C04F79EFBC}") = "CarRental.Exception", "CarRental.Exception\CarRental.Exception.csproj", "{3EEEDCF6-301E-4736-A584-E1F52577178F}"
EndProject
Project("{E53339B2-1760-4266-BCC7-CA923CBCF16C}") = "docker-compose", "docker-compose.dcproj", "{81DDED9D-158B-E303-5F62-77A2896D2A5A}"
EndProject
Project("{FAE04EC0-301F-11D3-BF4B-00C04F79EFBC}") = "VehicleInventory.WebAPI_VP", "VehicleInventory.WebAPI_VP\VehicleInventory.WebAPI_VP.csproj", "{628174AE-A97F-4C05-9D5F-055D8BEF5C35}"
EndProject
Project("{FAE04EC0-301F-11D3-BF4B-00C04F79EFBC}") = "VehicleInventory.Application_VP", "VehicleInventory.Application_VP\VehicleInventory.Application_VP.csproj", "{FD24EBDC-376F-4957-BAC0-2A46E4BC4710}"
EndProject
Project("{FAE04EC0-301F-11D3-BF4B-00C04F79EFBC}") = "VehicleInventory.Infrastructure_VP", "VehicleInventory.Infrastructure_VP\VehicleInventory.Infrastructure_VP.csproj", "{D3F36100-EED2-4C97-B3ED-3171D29D152D}"
EndProject
Project("{FAE04EC0-301F-11D3-BF4B-00C04F79EFBC}") = "VehicleInventory.Domain_VP", "VehicleInventory.Domain_VP\VehicleInventory.Domain_VP.csproj", "{8F34C905-8101-433D-B78C-322B02258858}"
EndProject
Project("{2150E333-8FDC-42A3-9474-1A3956D46DE8}") = "InventoryService_VP", "InventoryService_VP", "{02EA681E-C7D8-13C7-8484-4AC65E1B71E8}"
EndProject
Project("{2150E333-8FDC-42A3-9474-1A3956D46DE8}") = "Solution Items", "Solution Items", "{119ADBEA-0F2E-45BB-AE82-C35CC266016A}"
	ProjectSection(SolutionItems) = preProject
		.editorconfig = .editorconfig
	EndProjectSection
EndProject
Global
	GlobalSection(SolutionConfigurationPlatforms) = preSolution
		Debug|Any CPU = Debug|Any CPU
		Release|Any CPU = Release|Any CPU
	EndGlobalSection
	GlobalSection(ProjectConfigurationPlatforms) = postSolution
		{ACD8C6C5-583B-47DF-9B7D-ADD67085FA53}.Debug|Any CPU.ActiveCfg = Debug|Any CPU
		{ACD8C6C5-583B-47DF-9B7D-ADD67085FA53}.Debug|Any CPU.Build.0 = Debug|Any CPU
		{ACD8C6C5-583B-47DF-9B7D-ADD67085FA53}.Release|Any CPU.ActiveCfg = Release|Any CPU
		{ACD8C6C5-583B-47DF-9B7D-ADD67085FA53}.Release|Any CPU.Build.0 = Release|Any CPU
		{C3F7569B-2A35-403D-AED0-1509BB7883E6}.Debug|Any CPU.ActiveCfg = Debug|Any CPU
		{C3F7569B-2A35-403D-AED0-1509BB7883E6}.Debug|Any CPU.Build.0 = Debug|Any CPU
		{C3F7569B-2A35-403D-AED0-1509BB7883E6}.Release|Any CPU.ActiveCfg = Release|Any CPU
		{C3F7569B-2A35-403D-AED0-1509BB7883E6}.Release|Any CPU.Build.0 = Release|Any CPU
		{D1EEB589-83CD-4FAD-A9F0-31D2CC0B8ABF}.Debug|Any CPU.ActiveCfg = Debug|Any CPU
		{D1EEB589-83CD-4FAD-A9F0-31D2CC0B8ABF}.Debug|Any CPU.Build.0 = Debug|Any CPU
		{D1EEB589-83CD-4FAD-A9F0-31D2CC0B8ABF}.Release|Any CPU.ActiveCfg = Release|Any CPU
		{D1EEB589-83CD-4FAD-A9F0-31D2CC0B8ABF}.Release|Any CPU.Build.0 = Release|Any CPU
		{5F308C4A-648F-4538-A553-6A989F8F6122}.Debug|Any CPU.ActiveCfg = Debug|Any CPU
		{5F308C4A-648F-4538-A553-6A989F8F6122}.Debug|Any CPU.Build.0 = Debug|Any CPU
		{5F308C4A-648F-4538-A553-6A989F8F6122}.Release|Any CPU.ActiveCfg = Release|Any CPU
		{5F308C4A-648F-4538-A553-6A989F8F6122}.Release|Any CPU.Build.0 = Release|Any CPU
		{92DFA0A7-685C-4EC7-82DE-24DE0B3C3F93}.Debug|Any CPU.ActiveCfg = Debug|Any CPU
		{92DFA0A7-685C-4EC7-82DE-24DE0B3C3F93}.Debug|Any CPU.Build.0 = Debug|Any CPU
		{92DFA0A7-685C-4EC7-82DE-24DE0B3C3F93}.Release|Any CPU.ActiveCfg = Release|Any CPU
		{92DFA0A7-685C-4EC7-82DE-24DE0B3C3F93}.Release|Any CPU.Build.0 = Release|Any CPU
		{3EEEDCF6-301E-4736-A584-E1F52577178F}.Debug|Any CPU.ActiveCfg = Debug|Any CPU
		{3EEEDCF6-301E-4736-A584-E1F52577178F}.Debug|Any CPU.Build.0 = Debug|Any CPU
		{3EEEDCF6-301E-4736-A584-E1F52577178F}.Release|Any CPU.ActiveCfg = Release|Any CPU
		{3EEEDCF6-301E-4736-A584-E1F52577178F}.Release|Any CPU.Build.0 = Release|Any CPU
		{81DDED9D-158B-E303-5F62-77A2896D2A5A}.Debug|Any CPU.ActiveCfg = Debug|Any CPU
		{81DDED9D-158B-E303-5F62-77A2896D2A5A}.Debug|Any CPU.Build.0 = Debug|Any CPU
		{81DDED9D-158B-E303-5F62-77A2896D2A5A}.Release|Any CPU.ActiveCfg = Release|Any CPU
		{81DDED9D-158B-E303-5F62-77A2896D2A5A}.Release|Any CPU.Build.0 = Release|Any CPU
		{628174AE-A97F-4C05-9D5F-055D8BEF5C35}.Debug|Any CPU.ActiveCfg = Debug|Any CPU
		{628174AE-A97F-4C05-9D5F-055D8BEF5C35}.Debug|Any CPU.Build.0 = Debug|Any CPU
		{628174AE-A97F-4C05-9D5F-055D8BEF5C35}.Release|Any CPU.ActiveCfg = Release|Any CPU
		{628174AE-A97F-4C05-9D5F-055D8BEF5C35}.Release|Any CPU.Build.0 = Release|Any CPU
		{FD24EBDC-376F-4957-BAC0-2A46E4BC4710}.Debug|Any CPU.ActiveCfg = Debug|Any CPU
		{FD24EBDC-376F-4957-BAC0-2A46E4BC4710}.Debug|Any CPU.Build.0 = Debug|Any CPU
		{FD24EBDC-376F-4957-BAC0-2A46E4BC4710}.Release|Any CPU.ActiveCfg = Release|Any CPU
		{FD24EBDC-376F-4957-BAC0-2A46E4BC4710}.Release|Any CPU.Build.0 = Release|Any CPU
		{D3F36100-EED2-4C97-B3ED-3171D29D152D}.Debug|Any CPU.ActiveCfg = Debug|Any CPU
		{D3F36100-EED2-4C97-B3ED-3171D29D152D}.Debug|Any CPU.Build.0 = Debug|Any CPU
		{D3F36100-EED2-4C97-B3ED-3171D29D152D}.Release|Any CPU.ActiveCfg = Release|Any CPU
		{D3F36100-EED2-4C97-B3ED-3171D29D152D}.Release|Any CPU.Build.0 = Release|Any CPU
		{8F34C905-8101-433D-B78C-322B02258858}.Debug|Any CPU.ActiveCfg = Debug|Any CPU
		{8F34C905-8101-433D-B78C-322B02258858}.Debug|Any CPU.Build.0 = Debug|Any CPU
		{8F34C905-8101-433D-B78C-322B02258858}.Release|Any CPU.ActiveCfg = Release|Any CPU
		{8F34C905-8101-433D-B78C-322B02258858}.Release|Any CPU.Build.0 = Release|Any CPU
	EndGlobalSection
	GlobalSection(SolutionProperties) = preSolution
		HideSolutionNode = FALSE
	EndGlobalSection
	GlobalSection(NestedProjects) = preSolution
		{ACD8C6C5-583B-47DF-9B7D-ADD67085FA53} = {2E277118-4F26-45E7-8D30-31B6E038F790}
		{C3F7569B-2A35-403D-AED0-1509BB7883E6} = {6A479D96-C3C2-41C3-B8F3-3597110EA798}
		{D1EEB589-83CD-4FAD-A9F0-31D2CC0B8ABF} = {2E277118-4F26-45E7-8D30-31B6E038F790}
		{5F308C4A-648F-4538-A553-6A989F8F6122} = {2E277118-4F26-45E7-8D30-31B6E038F790}
		{92DFA0A7-685C-4EC7-82DE-24DE0B3C3F93} = {2E277118-4F26-45E7-8D30-31B6E038F790}
		{3EEEDCF6-301E-4736-A584-E1F52577178F} = {2E277118-4F26-45E7-8D30-31B6E038F790}
		{628174AE-A97F-4C05-9D5F-055D8BEF5C35} = {02EA681E-C7D8-13C7-8484-4AC65E1B71E8}
		{FD24EBDC-376F-4957-BAC0-2A46E4BC4710} = {02EA681E-C7D8-13C7-8484-4AC65E1B71E8}
		{D3F36100-EED2-4C97-B3ED-3171D29D152D} = {02EA681E-C7D8-13C7-8484-4AC65E1B71E8}
		{8F34C905-8101-433D-B78C-322B02258858} = {02EA681E-C7D8-13C7-8484-4AC65E1B71E8}
		{02EA681E-C7D8-13C7-8484-4AC65E1B71E8} = {2E277118-4F26-45E7-8D30-31B6E038F790}
	EndGlobalSection
	GlobalSection(ExtensibilityGlobals) = postSolution
		SolutionGuid = {54DB6BDF-A9D7-4DC5-B948-7A63152AAFDD}
	EndGlobalSection
EndGlobal
